
Microsoft Visual Studio Solution File, Format Version 12.00
# Visual Studio 15
VisualStudioVersion = 15.0.27703.2018
MinimumVisualStudioVersion = 10.0.40219.1
Project("{FAE04EC0-301F-11D3-BF4B-00C04F79EFBC}") = "zabbix-o365-hook", "zabbix-o365-hook\zabbix-o365-hook.csproj", "{4EFC05D2-F7CC-412E-9EEB-F66EDF16BABD}"
EndProject
Global
	GlobalSection(SolutionConfigurationPlatforms) = preSolution
		Debug|Any CPU = Debug|Any CPU
		Release|Any CPU = Release|Any CPU
	EndGlobalSection
	GlobalSection(ProjectConfigurationPlatforms) = postSolution
		{4EFC05D2-F7CC-412E-9EEB-F66EDF16BABD}.Debug|Any CPU.ActiveCfg = Debug|Any CPU
		{4EFC05D2-F7CC-412E-9EEB-F66EDF16BABD}.Debug|Any CPU.Build.0 = Debug|Any CPU
		{4EFC05D2-F7CC-412E-9EEB-F66EDF16BABD}.Release|Any CPU.ActiveCfg = Release|Any CPU
		{4EFC05D2-F7CC-412E-9EEB-F66EDF16BABD}.Release|Any CPU.Build.0 = Release|Any CPU
	EndGlobalSection
	GlobalSection(SolutionProperties) = preSolution
		HideSolutionNode = FALSE
	EndGlobalSection
	GlobalSection(ExtensibilityGlobals) = postSolution
		SolutionGuid = {AB68EEEC-9ABC-4607-87DE-7487A1A51455}
	EndGlobalSection
EndGlobal
